
Microsoft Visual Studio Solution File, Format Version 12.00
# Visual Studio Version 17
VisualStudioVersion = 17.9.34622.214
MinimumVisualStudioVersion = 10.0.40219.1
Project("{FAE04EC0-301F-11D3-BF4B-00C04F79EFBC}") = "lion-finance-app", "lion-finance-app\lion-finance-app.csproj", "{1E718E8E-D306-4C5B-BA99-78B903F33BE9}"
EndProject
Global
	GlobalSection(SolutionConfigurationPlatforms) = preSolution
		Debug|Any CPU = Debug|Any CPU
		Release|Any CPU = Release|Any CPU
	EndGlobalSection
	GlobalSection(ProjectConfigurationPlatforms) = postSolution
		{1E718E8E-D306-4C5B-BA99-78B903F33BE9}.Debug|Any CPU.ActiveCfg = Debug|Any CPU
		{1E718E8E-D306-4C5B-BA99-78B903F33BE9}.Debug|Any CPU.Build.0 = Debug|Any CPU
		{1E718E8E-D306-4C5B-BA99-78B903F33BE9}.Release|Any CPU.ActiveCfg = Release|Any CPU
		{1E718E8E-D306-4C5B-BA99-78B903F33BE9}.Release|Any CPU.Build.0 = Release|Any CPU
	EndGlobalSection
	GlobalSection(SolutionProperties) = preSolution
		HideSolutionNode = FALSE
	EndGlobalSection
	GlobalSection(ExtensibilityGlobals) = postSolution
		SolutionGuid = {F8198928-67DF-4657-A950-6C6489DF1C97}
	EndGlobalSection
EndGlobal
